Microsoft Visual Studio Solution File, Format Version 12.00
# Visual Studio 15
VisualStudioVersion = 15.0.28307.960
MinimumVisualStudioVersion = 10.0.40219.1
Project("{FAE04EC0-301F-11D3-BF4B-00C04F79EFBC}") = "VisualCritter", "VisualCritter.csproj", "{0ED3C6C3-8CEF-4BA1-A7D1-2CED072C78BB}"
EndProject
Global
	GlobalSection(SolutionConfigurationPlatforms) = preSolution
		Debug|Any CPU = Debug|Any CPU
		Release|Any CPU = Release|Any CPU
	EndGlobalSection
	GlobalSection(ProjectConfigurationPlatforms) = postSolution
		{0ED3C6C3-8CEF-4BA1-A7D1-2CED072C78BB}.Debug|Any CPU.ActiveCfg = Debug|Any CPU
		{0ED3C6C3-8CEF-4BA1-A7D1-2CED072C78BB}.Debug|Any CPU.Build.0 = Debug|Any CPU
		{0ED3C6C3-8CEF-4BA1-A7D1-2CED072C78BB}.Release|Any CPU.ActiveCfg = Release|Any CPU
		{0ED3C6C3-8CEF-4BA1-A7D1-2CED072C78BB}.Release|Any CPU.Build.0 = Release|Any CPU
	EndGlobalSection
	GlobalSection(SolutionProperties) = preSolution
		HideSolutionNode = FALSE
	EndGlobalSection
	GlobalSection(ExtensibilityGlobals) = postSolution
		SolutionGuid = {061CCF83-5867-4F08-8607-2ED5CDBA5C88}
	EndGlobalSection
EndGlobal
