Microsoft Visual Studio Solution File, Format Version 12.00
# Visual Studio 15
VisualStudioVersion = 15.0.28307.960
MinimumVisualStudioVersion = 10.0.40219.1
Project("{FAE04EC0-301F-11D3-BF4B-00C04F79EFBC}") = "Crasher", "Crasher.csproj", "{5ED53D57-7D2B-4D5F-A5AE-7C7620CD3D36}"
EndProject
Global
	GlobalSection(SolutionConfigurationPlatforms) = preSolution
		Debug|Any CPU = Debug|Any CPU
		Release|Any CPU = Release|Any CPU
	EndGlobalSection
	GlobalSection(ProjectConfigurationPlatforms) = postSolution
		{5ED53D57-7D2B-4D5F-A5AE-7C7620CD3D36}.Debug|Any CPU.ActiveCfg = Debug|Any CPU
		{5ED53D57-7D2B-4D5F-A5AE-7C7620CD3D36}.Debug|Any CPU.Build.0 = Debug|Any CPU
		{5ED53D57-7D2B-4D5F-A5AE-7C7620CD3D36}.Release|Any CPU.ActiveCfg = Release|Any CPU
		{5ED53D57-7D2B-4D5F-A5AE-7C7620CD3D36}.Release|Any CPU.Build.0 = Release|Any CPU
	EndGlobalSection
	GlobalSection(SolutionProperties) = preSolution
		HideSolutionNode = FALSE
	EndGlobalSection
	GlobalSection(ExtensibilityGlobals) = postSolution
		SolutionGuid = {3A073151-F78C-4F30-8C1F-34ECA64BF60F}
	EndGlobalSection
EndGlobal
