Microsoft Visual Studio Solution File, Format Version 12.00
# Visual Studio 15
VisualStudioVersion = 15.0.28307.960
MinimumVisualStudioVersion = 10.0.40219.1
Project("{FAE04EC0-301F-11D3-BF4B-00C04F79EFBC}") = "Lander", "Lander.csproj", "{B7C80746-D814-4FFC-BE3F-48FA7081C87C}"
EndProject
Global
	GlobalSection(SolutionConfigurationPlatforms) = preSolution
		Debug|Any CPU = Debug|Any CPU
		Release|Any CPU = Release|Any CPU
	EndGlobalSection
	GlobalSection(ProjectConfigurationPlatforms) = postSolution
		{B7C80746-D814-4FFC-BE3F-48FA7081C87C}.Debug|Any CPU.ActiveCfg = Debug|Any CPU
		{B7C80746-D814-4FFC-BE3F-48FA7081C87C}.Debug|Any CPU.Build.0 = Debug|Any CPU
		{B7C80746-D814-4FFC-BE3F-48FA7081C87C}.Release|Any CPU.ActiveCfg = Release|Any CPU
		{B7C80746-D814-4FFC-BE3F-48FA7081C87C}.Release|Any CPU.Build.0 = Release|Any CPU
	EndGlobalSection
	GlobalSection(SolutionProperties) = preSolution
		HideSolutionNode = FALSE
	EndGlobalSection
	GlobalSection(ExtensibilityGlobals) = postSolution
		SolutionGuid = {A60932D2-156B-4994-81D8-3C9ACAB5F9BD}
	EndGlobalSection
EndGlobal
