Microsoft Visual Studio Solution File, Format Version 7.00
Project("{FAE04EC0-301F-11D3-BF4B-00C04F79EFBC}") = "Access-Xml", "Access-Xml.csproj", "{8A7794DF-A186-43FC-BD16-E4D7FD814429}"
EndProject
Global
	GlobalSection(SolutionConfiguration) = preSolution
		ConfigName.0 = Debug
		ConfigName.1 = Release
	EndGlobalSection
	GlobalSection(ProjectDependencies) = postSolution
	EndGlobalSection
	GlobalSection(ProjectConfiguration) = postSolution
		{8A7794DF-A186-43FC-BD16-E4D7FD814429}.Debug.ActiveCfg = Debug|.NET
		{8A7794DF-A186-43FC-BD16-E4D7FD814429}.Debug.Build.0 = Debug|.NET
		{8A7794DF-A186-43FC-BD16-E4D7FD814429}.Release.ActiveCfg = Release|.NET
		{8A7794DF-A186-43FC-BD16-E4D7FD814429}.Release.Build.0 = Release|.NET
	EndGlobalSection
	GlobalSection(ExtensibilityGlobals) = postSolution
	EndGlobalSection
	GlobalSection(ExtensibilityAddIns) = postSolution
	EndGlobalSection
EndGlobal
