Microsoft Visual Studio Solution File, Format Version 7.00
Project("{FAE04EC0-301F-11D3-BF4B-00C04F79EFBC}") = "QueryDemo", "QueryDemo.csproj", "{D677DF56-DA6A-4955-A55D-A43AAF3659D4}"
EndProject
Global
	GlobalSection(SolutionConfiguration) = preSolution
		ConfigName.0 = Debug
		ConfigName.1 = Release
	EndGlobalSection
	GlobalSection(ProjectDependencies) = postSolution
	EndGlobalSection
	GlobalSection(ProjectConfiguration) = postSolution
		{D677DF56-DA6A-4955-A55D-A43AAF3659D4}.Debug.ActiveCfg = Debug|.NET
		{D677DF56-DA6A-4955-A55D-A43AAF3659D4}.Debug.Build.0 = Debug|.NET
		{D677DF56-DA6A-4955-A55D-A43AAF3659D4}.Release.ActiveCfg = Release|.NET
		{D677DF56-DA6A-4955-A55D-A43AAF3659D4}.Release.Build.0 = Release|.NET
	EndGlobalSection
	GlobalSection(ExtensibilityGlobals) = postSolution
	EndGlobalSection
	GlobalSection(ExtensibilityAddIns) = postSolution
	EndGlobalSection
EndGlobal
