Microsoft Visual Studio Solution File, Format Version 7.00
Project("{FAE04EC0-301F-11D3-BF4B-00C04F79EFBC}") = "VisQuery", "VisQuery.csproj", "{7538ACF2-E9FF-4AA8-98F5-E368E0C22C92}"
EndProject
Global
	GlobalSection(SolutionConfiguration) = preSolution
		ConfigName.0 = Debug
		ConfigName.1 = Release
	EndGlobalSection
	GlobalSection(ProjectDependencies) = postSolution
	EndGlobalSection
	GlobalSection(ProjectConfiguration) = postSolution
		{7538ACF2-E9FF-4AA8-98F5-E368E0C22C92}.Debug.ActiveCfg = Debug|.NET
		{7538ACF2-E9FF-4AA8-98F5-E368E0C22C92}.Debug.Build.0 = Debug|.NET
		{7538ACF2-E9FF-4AA8-98F5-E368E0C22C92}.Release.ActiveCfg = Release|.NET
		{7538ACF2-E9FF-4AA8-98F5-E368E0C22C92}.Release.Build.0 = Release|.NET
	EndGlobalSection
	GlobalSection(ExtensibilityGlobals) = postSolution
	EndGlobalSection
	GlobalSection(ExtensibilityAddIns) = postSolution
	EndGlobalSection
EndGlobal
