Microsoft Visual Studio Solution File, Format Version 12.00
# Visual Studio 15
VisualStudioVersion = 15.0.28307.960
MinimumVisualStudioVersion = 10.0.40219.1
Project("{FAE04EC0-301F-11D3-BF4B-00C04F79EFBC}") = "CritOver", "CritOver.csproj", "{9200BE23-0B4C-4CAF-98A7-ED3FE084D200}"
EndProject
Global
	GlobalSection(SolutionConfigurationPlatforms) = preSolution
		Debug|Any CPU = Debug|Any CPU
		Release|Any CPU = Release|Any CPU
	EndGlobalSection
	GlobalSection(ProjectConfigurationPlatforms) = postSolution
		{9200BE23-0B4C-4CAF-98A7-ED3FE084D200}.Debug|Any CPU.ActiveCfg = Debug|Any CPU
		{9200BE23-0B4C-4CAF-98A7-ED3FE084D200}.Debug|Any CPU.Build.0 = Debug|Any CPU
		{9200BE23-0B4C-4CAF-98A7-ED3FE084D200}.Release|Any CPU.ActiveCfg = Release|Any CPU
		{9200BE23-0B4C-4CAF-98A7-ED3FE084D200}.Release|Any CPU.Build.0 = Release|Any CPU
	EndGlobalSection
	GlobalSection(SolutionProperties) = preSolution
		HideSolutionNode = FALSE
	EndGlobalSection
	GlobalSection(ExtensibilityGlobals) = postSolution
		SolutionGuid = {1C03CBC8-8656-4D4C-86EF-E307B010D94A}
	EndGlobalSection
EndGlobal
