Microsoft Visual Studio Solution File, Format Version 12.00
# Visual Studio 15
VisualStudioVersion = 15.0.28307.960
MinimumVisualStudioVersion = 10.0.40219.1
Project("{FAE04EC0-301F-11D3-BF4B-00C04F79EFBC}") = "Mover", "Mover.csproj", "{2EB61749-B396-44E1-825B-7D9EF9D7A131}"
EndProject
Global
	GlobalSection(SolutionConfigurationPlatforms) = preSolution
		Debug|Any CPU = Debug|Any CPU
		Release|Any CPU = Release|Any CPU
	EndGlobalSection
	GlobalSection(ProjectConfigurationPlatforms) = postSolution
		{2EB61749-B396-44E1-825B-7D9EF9D7A131}.Debug|Any CPU.ActiveCfg = Debug|Any CPU
		{2EB61749-B396-44E1-825B-7D9EF9D7A131}.Debug|Any CPU.Build.0 = Debug|Any CPU
		{2EB61749-B396-44E1-825B-7D9EF9D7A131}.Release|Any CPU.ActiveCfg = Release|Any CPU
		{2EB61749-B396-44E1-825B-7D9EF9D7A131}.Release|Any CPU.Build.0 = Release|Any CPU
	EndGlobalSection
	GlobalSection(SolutionProperties) = preSolution
		HideSolutionNode = FALSE
	EndGlobalSection
	GlobalSection(ExtensibilityGlobals) = postSolution
		SolutionGuid = {3AFA601A-BDDE-41E8-9B35-9853A0FB1EDF}
	EndGlobalSection
EndGlobal
