
Microsoft Visual Studio Solution File, Format Version 12.00
# Visual Studio 15
VisualStudioVersion = 15.0.28307.960
MinimumVisualStudioVersion = 10.0.40219.1
Project("{FAE04EC0-301F-11D3-BF4B-00C04F79EFBC}") = "Loops", "Loops\Loops.csproj", "{F511A03F-B9FC-48F2-9651-D1DF2EED4F5B}"
EndProject
Project("{2150E333-8FDC-42A3-9474-1A3956D46DE8}") = "Solution Items", "Solution Items", "{E4555952-56D4-414A-82ED-4AE4D5C36311}"
	ProjectSection(SolutionItems) = preProject
		..\BeanCounter.cs = ..\BeanCounter.cs
		..\Fancy.cs = ..\Fancy.cs
		..\MagicWord.cs = ..\MagicWord.cs
		..\mangler.cs = ..\mangler.cs
		..\Pig.cs = ..\Pig.cs
	EndProjectSection
EndProject
Global
	GlobalSection(SolutionConfigurationPlatforms) = preSolution
		Debug|Any CPU = Debug|Any CPU
		Release|Any CPU = Release|Any CPU
	EndGlobalSection
	GlobalSection(ProjectConfigurationPlatforms) = postSolution
		{F511A03F-B9FC-48F2-9651-D1DF2EED4F5B}.Debug|Any CPU.ActiveCfg = Debug|Any CPU
		{F511A03F-B9FC-48F2-9651-D1DF2EED4F5B}.Debug|Any CPU.Build.0 = Debug|Any CPU
		{F511A03F-B9FC-48F2-9651-D1DF2EED4F5B}.Release|Any CPU.ActiveCfg = Release|Any CPU
		{F511A03F-B9FC-48F2-9651-D1DF2EED4F5B}.Release|Any CPU.Build.0 = Release|Any CPU
	EndGlobalSection
	GlobalSection(SolutionProperties) = preSolution
		HideSolutionNode = FALSE
	EndGlobalSection
	GlobalSection(ExtensibilityGlobals) = postSolution
		SolutionGuid = {F9A2402D-8B32-4D10-97A3-A3D4B0B50E3A}
	EndGlobalSection
EndGlobal
